
Microsoft Visual Studio Solution File, Format Version 12.00
# Visual Studio Version 16
VisualStudioVersion = 16.0.30907.101
MinimumVisualStudioVersion = 10.0.40219.1
Project("{FAE04EC0-301F-11D3-BF4B-00C04F79EFBC}") = "FirstClassesApp", "FirstClassesApp\FirstClassesApp.csproj", "{433B2937-5424-4E50-9815-F079C756E4A6}"
EndProject
Global
	GlobalSection(SolutionConfigurationPlatforms) = preSolution
		Debug|Any CPU = Debug|Any CPU
		Release|Any CPU = Release|Any CPU
	EndGlobalSection
	GlobalSection(ProjectConfigurationPlatforms) = postSolution
		{433B2937-5424-4E50-9815-F079C756E4A6}.Debug|Any CPU.ActiveCfg = Debug|Any CPU
		{433B2937-5424-4E50-9815-F079C756E4A6}.Debug|Any CPU.Build.0 = Debug|Any CPU
		{433B2937-5424-4E50-9815-F079C756E4A6}.Release|Any CPU.ActiveCfg = Release|Any CPU
		{433B2937-5424-4E50-9815-F079C756E4A6}.Release|Any CPU.Build.0 = Release|Any CPU
	EndGlobalSection
	GlobalSection(SolutionProperties) = preSolution
		HideSolutionNode = FALSE
	EndGlobalSection
	GlobalSection(ExtensibilityGlobals) = postSolution
		SolutionGuid = {EA3E38F6-6984-42E8-8A15-DDAE84F88252}
	EndGlobalSection
EndGlobal
