
Microsoft Visual Studio Solution File, Format Version 12.00
# Visual Studio Version 16
VisualStudioVersion = 16.0.30907.101
MinimumVisualStudioVersion = 10.0.40219.1
Project("{FAE04EC0-301F-11D3-BF4B-00C04F79EFBC}") = "Functions", "Functions\Functions.csproj", "{89934FB4-FCBB-4256-96AF-ECD710D6F50A}"
EndProject
Global
	GlobalSection(SolutionConfigurationPlatforms) = preSolution
		Debug|Any CPU = Debug|Any CPU
		Release|Any CPU = Release|Any CPU
	EndGlobalSection
	GlobalSection(ProjectConfigurationPlatforms) = postSolution
		{89934FB4-FCBB-4256-96AF-ECD710D6F50A}.Debug|Any CPU.ActiveCfg = Debug|Any CPU
		{89934FB4-FCBB-4256-96AF-ECD710D6F50A}.Debug|Any CPU.Build.0 = Debug|Any CPU
		{89934FB4-FCBB-4256-96AF-ECD710D6F50A}.Release|Any CPU.ActiveCfg = Release|Any CPU
		{89934FB4-FCBB-4256-96AF-ECD710D6F50A}.Release|Any CPU.Build.0 = Release|Any CPU
	EndGlobalSection
	GlobalSection(SolutionProperties) = preSolution
		HideSolutionNode = FALSE
	EndGlobalSection
	GlobalSection(ExtensibilityGlobals) = postSolution
		SolutionGuid = {A6D2F7E7-5BB1-490A-8DDF-7DE445D1AA4C}
	EndGlobalSection
EndGlobal
