
Microsoft Visual Studio Solution File, Format Version 12.00
# Visual Studio Version 16
VisualStudioVersion = 16.0.30907.101
MinimumVisualStudioVersion = 10.0.40219.1
Project("{FAE04EC0-301F-11D3-BF4B-00C04F79EFBC}") = "quest-factoryyy", "quest-factoryyy\quest-factoryyy.csproj", "{5249AC92-E010-4F88-9DD6-0E9DD470DB68}"
EndProject
Global
	GlobalSection(SolutionConfigurationPlatforms) = preSolution
		Debug|Any CPU = Debug|Any CPU
		Release|Any CPU = Release|Any CPU
	EndGlobalSection
	GlobalSection(ProjectConfigurationPlatforms) = postSolution
		{5249AC92-E010-4F88-9DD6-0E9DD470DB68}.Debug|Any CPU.ActiveCfg = Debug|Any CPU
		{5249AC92-E010-4F88-9DD6-0E9DD470DB68}.Debug|Any CPU.Build.0 = Debug|Any CPU
		{5249AC92-E010-4F88-9DD6-0E9DD470DB68}.Release|Any CPU.ActiveCfg = Release|Any CPU
		{5249AC92-E010-4F88-9DD6-0E9DD470DB68}.Release|Any CPU.Build.0 = Release|Any CPU
	EndGlobalSection
	GlobalSection(SolutionProperties) = preSolution
		HideSolutionNode = FALSE
	EndGlobalSection
	GlobalSection(ExtensibilityGlobals) = postSolution
		SolutionGuid = {4F988C10-C8FF-4069-AEF0-72EF1C21E33F}
	EndGlobalSection
EndGlobal
