
Microsoft Visual Studio Solution File, Format Version 12.00
# Visual Studio Version 16
VisualStudioVersion = 16.0.30907.101
MinimumVisualStudioVersion = 10.0.40219.1
Project("{FAE04EC0-301F-11D3-BF4B-00C04F79EFBC}") = "les2", "les2\les2.csproj", "{32A9A8D0-ADBB-4DB1-B037-4530AA3778BB}"
EndProject
Global
	GlobalSection(SolutionConfigurationPlatforms) = preSolution
		Debug|Any CPU = Debug|Any CPU
		Release|Any CPU = Release|Any CPU
	EndGlobalSection
	GlobalSection(ProjectConfigurationPlatforms) = postSolution
		{32A9A8D0-ADBB-4DB1-B037-4530AA3778BB}.Debug|Any CPU.ActiveCfg = Debug|Any CPU
		{32A9A8D0-ADBB-4DB1-B037-4530AA3778BB}.Debug|Any CPU.Build.0 = Debug|Any CPU
		{32A9A8D0-ADBB-4DB1-B037-4530AA3778BB}.Release|Any CPU.ActiveCfg = Release|Any CPU
		{32A9A8D0-ADBB-4DB1-B037-4530AA3778BB}.Release|Any CPU.Build.0 = Release|Any CPU
	EndGlobalSection
	GlobalSection(SolutionProperties) = preSolution
		HideSolutionNode = FALSE
	EndGlobalSection
	GlobalSection(ExtensibilityGlobals) = postSolution
		SolutionGuid = {3CDCFF90-4271-43F1-9EF2-A77A91A72BEE}
	EndGlobalSection
EndGlobal
